
Microsoft Visual Studio Solution File, Format Version 12.00
# Visual Studio Version 17
VisualStudioVersion = 17.6.33723.286
MinimumVisualStudioVersion = 10.0.40219.1
Project("{FAE04EC0-301F-11D3-BF4B-00C04F79EFBC}") = "Soru1", "Soru1\Soru1.csproj", "{9830B9DC-87DE-4616-8F05-5D148EBE4624}"
EndProject
Global
	GlobalSection(SolutionConfigurationPlatforms) = preSolution
		Debug|Any CPU = Debug|Any CPU
		Release|Any CPU = Release|Any CPU
	EndGlobalSection
	GlobalSection(ProjectConfigurationPlatforms) = postSolution
		{9830B9DC-87DE-4616-8F05-5D148EBE4624}.Debug|Any CPU.ActiveCfg = Debug|Any CPU
		{9830B9DC-87DE-4616-8F05-5D148EBE4624}.Debug|Any CPU.Build.0 = Debug|Any CPU
		{9830B9DC-87DE-4616-8F05-5D148EBE4624}.Release|Any CPU.ActiveCfg = Release|Any CPU
		{9830B9DC-87DE-4616-8F05-5D148EBE4624}.Release|Any CPU.Build.0 = Release|Any CPU
	EndGlobalSection
	GlobalSection(SolutionProperties) = preSolution
		HideSolutionNode = FALSE
	EndGlobalSection
	GlobalSection(ExtensibilityGlobals) = postSolution
		SolutionGuid = {1E0BDFC4-7D2D-4B79-BA4B-CBF968101297}
	EndGlobalSection
EndGlobal
